
Microsoft Visual Studio Solution File, Format Version 12.00
# Visual Studio Version 17
VisualStudioVersion = 17.9.34714.143
MinimumVisualStudioVersion = 10.0.40219.1
Project("{8BC9CEB8-8B4A-11D0-8D11-00A0C91BC942}") = "KenGeki_020", "KenGeki_020\KenGeki_020.vcxproj", "{9B17EA93-4273-4B26-8296-CCEBEAE5192F}"
EndProject
Project("{8BC9CEB8-8B4A-11D0-8D11-00A0C91BC942}") = "CharaData", "CharaData\CharaData.vcxproj", "{D38541FE-8E0B-4980-9FEA-8AE5C2F85897}"
EndProject
Global
	GlobalSection(SolutionConfigurationPlatforms) = preSolution
		Debug|x64 = Debug|x64
		Debug|x86 = Debug|x86
		Release|x64 = Release|x64
		Release|x86 = Release|x86
	EndGlobalSection
	GlobalSection(ProjectConfigurationPlatforms) = postSolution
		{9B17EA93-4273-4B26-8296-CCEBEAE5192F}.Debug|x64.ActiveCfg = Debug|x64
		{9B17EA93-4273-4B26-8296-CCEBEAE5192F}.Debug|x64.Build.0 = Debug|x64
		{9B17EA93-4273-4B26-8296-CCEBEAE5192F}.Debug|x86.ActiveCfg = Debug|x64
		{9B17EA93-4273-4B26-8296-CCEBEAE5192F}.Debug|x86.Build.0 = Debug|x64
		{9B17EA93-4273-4B26-8296-CCEBEAE5192F}.Release|x64.ActiveCfg = Release|x64
		{9B17EA93-4273-4B26-8296-CCEBEAE5192F}.Release|x64.Build.0 = Release|x64
		{9B17EA93-4273-4B26-8296-CCEBEAE5192F}.Release|x86.ActiveCfg = Release|x64
		{9B17EA93-4273-4B26-8296-CCEBEAE5192F}.Release|x86.Build.0 = Release|x64
		{D38541FE-8E0B-4980-9FEA-8AE5C2F85897}.Debug|x64.ActiveCfg = Debug|x64
		{D38541FE-8E0B-4980-9FEA-8AE5C2F85897}.Debug|x64.Build.0 = Debug|x64
		{D38541FE-8E0B-4980-9FEA-8AE5C2F85897}.Debug|x86.ActiveCfg = Debug|x64
		{D38541FE-8E0B-4980-9FEA-8AE5C2F85897}.Debug|x86.Build.0 = Debug|x64
		{D38541FE-8E0B-4980-9FEA-8AE5C2F85897}.Release|x64.ActiveCfg = Release|x64
		{D38541FE-8E0B-4980-9FEA-8AE5C2F85897}.Release|x64.Build.0 = Release|x64
		{D38541FE-8E0B-4980-9FEA-8AE5C2F85897}.Release|x86.ActiveCfg = Release|x64
		{D38541FE-8E0B-4980-9FEA-8AE5C2F85897}.Release|x86.Build.0 = Release|x64
	EndGlobalSection
	GlobalSection(SolutionProperties) = preSolution
		HideSolutionNode = FALSE
	EndGlobalSection
	GlobalSection(ExtensibilityGlobals) = postSolution
		SolutionGuid = {F1D85EA8-98B9-4068-AADF-34BFAA1D1F83}
	EndGlobalSection
EndGlobal
